
Microsoft Visual Studio Solution File, Format Version 12.00
# Visual Studio 15
Project("{FAE04EC0-301F-11D3-BF4B-00C04F79EFBC}") = "UnityEngine.UI", "UnityEngine.UI.csproj", "{7FD5E51E-24F0-B680-3A8A-50AB92DDDA70}"
EndProject
Project("{FAE04EC0-301F-11D3-BF4B-00C04F79EFBC}") = "Unity.RenderPipelines.Core.Runtime", "Unity.RenderPipelines.Core.Runtime.csproj", "{80B8C05E-2764-684B-B917-F99E2B879B97}"
EndProject
Project("{FAE04EC0-301F-11D3-BF4B-00C04F79EFBC}") = "UnityEngine.TestRunner", "UnityEngine.TestRunner.csproj", "{B438E314-FE72-1500-C5AF-B4D48494354D}"
EndProject
Project("{FAE04EC0-301F-11D3-BF4B-00C04F79EFBC}") = "Unity.Mathematics", "Unity.Mathematics.csproj", "{DF427406-45A8-AC27-AAE1-FF7A727A5B4B}"
EndProject
Project("{FAE04EC0-301F-11D3-BF4B-00C04F79EFBC}") = "Unity.RenderPipelines.Universal.Runtime", "Unity.RenderPipelines.Universal.Runtime.csproj", "{84DC36B1-A67B-1669-C866-631EBC1C7A59}"
EndProject
Project("{FAE04EC0-301F-11D3-BF4B-00C04F79EFBC}") = "Unity.Postprocessing.Runtime", "Unity.Postprocessing.Runtime.csproj", "{A8CDB079-D864-0D3C-AD2B-4CCEFA079A0C}"
EndProject
Project("{FAE04EC0-301F-11D3-BF4B-00C04F79EFBC}") = "Unity.TextMeshPro", "Unity.TextMeshPro.csproj", "{905FADF2-9093-3FFA-9B19-B139ADF18F6F}"
EndProject
Project("{FAE04EC0-301F-11D3-BF4B-00C04F79EFBC}") = "Unity.Timeline", "Unity.Timeline.csproj", "{DF020B20-96F4-8C76-0DE5-7CC067E3E974}"
EndProject
Project("{FAE04EC0-301F-11D3-BF4B-00C04F79EFBC}") = "Unity.ScriptableBuildPipeline", "Unity.ScriptableBuildPipeline.csproj", "{1F697D03-1029-0974-2690-5733054E4FFA}"
EndProject
Project("{FAE04EC0-301F-11D3-BF4B-00C04F79EFBC}") = "Unity.RenderPipelines.Core.ShaderLibrary", "Unity.RenderPipelines.Core.ShaderLibrary.csproj", "{312A164B-C1BA-8401-C721-7F0A66272B37}"
EndProject
Project("{FAE04EC0-301F-11D3-BF4B-00C04F79EFBC}") = "Unity.RenderPipeline.Universal.ShaderLibrary", "Unity.RenderPipeline.Universal.ShaderLibrary.csproj", "{6EE20B80-3475-5C0C-1746-1B0EEA936C69}"
EndProject
Project("{FAE04EC0-301F-11D3-BF4B-00C04F79EFBC}") = "Assembly-CSharp", "Assembly-CSharp.csproj", "{106031E2-6036-15A2-5E3D-B87527952972}"
EndProject
Project("{FAE04EC0-301F-11D3-BF4B-00C04F79EFBC}") = "Unity.RenderPipelines.Universal.Shaders", "Unity.RenderPipelines.Universal.Shaders.csproj", "{177CE047-DD9C-8C1F-12AD-E29F4A88A3F9}"
EndProject
Project("{FAE04EC0-301F-11D3-BF4B-00C04F79EFBC}") = "Unity.RenderPipelines.ShaderGraph.ShaderGraphLibrary", "Unity.RenderPipelines.ShaderGraph.ShaderGraphLibrary.csproj", "{85179D78-1987-BC23-9F29-1D07530FDEBC}"
EndProject
Project("{FAE04EC0-301F-11D3-BF4B-00C04F79EFBC}") = "Unity.PlasticSCM.Editor", "Unity.PlasticSCM.Editor.csproj", "{0FD80C8A-77FD-CA5C-7D63-53BF0CFFCE1A}"
EndProject
Project("{FAE04EC0-301F-11D3-BF4B-00C04F79EFBC}") = "Unity.ShaderGraph.Editor", "Unity.ShaderGraph.Editor.csproj", "{36539229-62D8-FFE3-3549-65A7A949FB11}"
EndProject
Project("{FAE04EC0-301F-11D3-BF4B-00C04F79EFBC}") = "Unity.VisualStudio.Editor", "Unity.VisualStudio.Editor.csproj", "{C1183463-ABB5-0544-5F00-660E6165ED93}"
EndProject
Project("{FAE04EC0-301F-11D3-BF4B-00C04F79EFBC}") = "Unity.Timeline.Editor", "Unity.Timeline.Editor.csproj", "{BEBA174F-7BD3-C305-9985-6A24487DEB2D}"
EndProject
Project("{FAE04EC0-301F-11D3-BF4B-00C04F79EFBC}") = "Unity.TextMeshPro.Editor", "Unity.TextMeshPro.Editor.csproj", "{28DD1C03-4192-676A-8B9F-5AE52AB749A0}"
EndProject
Project("{FAE04EC0-301F-11D3-BF4B-00C04F79EFBC}") = "Unity.CollabProxy.Editor", "Unity.CollabProxy.Editor.csproj", "{A6DD4D9F-1BE2-5C75-7199-A50546081747}"
EndProject
Project("{FAE04EC0-301F-11D3-BF4B-00C04F79EFBC}") = "Unity.Postprocessing.Editor", "Unity.Postprocessing.Editor.csproj", "{4BFF7EA0-72F7-06D1-D59F-2DBC9094FD5D}"
EndProject
Project("{FAE04EC0-301F-11D3-BF4B-00C04F79EFBC}") = "UnityEditor.TestRunner", "UnityEditor.TestRunner.csproj", "{E8621CDF-0127-0F95-0745-234B0F09C456}"
EndProject
Project("{FAE04EC0-301F-11D3-BF4B-00C04F79EFBC}") = "Unity.Rider.Editor", "Unity.Rider.Editor.csproj", "{02A5076E-1339-987E-BA2F-7B9D3B4473B8}"
EndProject
Project("{FAE04EC0-301F-11D3-BF4B-00C04F79EFBC}") = "Unity.ScriptableBuildPipeline.Editor", "Unity.ScriptableBuildPipeline.Editor.csproj", "{A958B6D6-6DA3-ACAA-519E-45ACAFFF2192}"
EndProject
Project("{FAE04EC0-301F-11D3-BF4B-00C04F79EFBC}") = "Unity.RenderPipelines.Universal.Editor", "Unity.RenderPipelines.Universal.Editor.csproj", "{96F3A7E1-918E-28AC-6F98-A4A4FF2CFB4E}"
EndProject
Project("{FAE04EC0-301F-11D3-BF4B-00C04F79EFBC}") = "Unity.Services.Core.Editor", "Unity.Services.Core.Editor.csproj", "{38B006A3-118F-FCFF-C125-940FC024A9A3}"
EndProject
Project("{FAE04EC0-301F-11D3-BF4B-00C04F79EFBC}") = "Unity.RenderPipelines.Core.Editor", "Unity.RenderPipelines.Core.Editor.csproj", "{21DAC390-0B20-F468-A02E-DA9647EF54EF}"
EndProject
Project("{FAE04EC0-301F-11D3-BF4B-00C04F79EFBC}") = "Unity.Searcher.Editor", "Unity.Searcher.Editor.csproj", "{803EA7E3-E92D-1770-4CE4-2B08EC440DD0}"
EndProject
Project("{FAE04EC0-301F-11D3-BF4B-00C04F79EFBC}") = "Unity.VSCode.Editor", "Unity.VSCode.Editor.csproj", "{07E5008A-5B94-51F2-DC5B-8D3E50BF8056}"
EndProject
Project("{FAE04EC0-301F-11D3-BF4B-00C04F79EFBC}") = "UnityEditor.UI", "UnityEditor.UI.csproj", "{7203A869-89ED-EBC2-BF42-AD0FCA56FC63}"
EndProject
Project("{FAE04EC0-301F-11D3-BF4B-00C04F79EFBC}") = "Unity.Mathematics.Editor", "Unity.Mathematics.Editor.csproj", "{539CDF6F-FBA0-9EB9-74B7-4CB05C570344}"
EndProject
Project("{FAE04EC0-301F-11D3-BF4B-00C04F79EFBC}") = "UnityEditor.CacheServer", "UnityEditor.CacheServer.csproj", "{9A95D88F-36D3-BEF6-A1D1-590C10D24F7B}"
EndProject
Project("{FAE04EC0-301F-11D3-BF4B-00C04F79EFBC}") = "Unity.ShaderGraph.Utilities", "Unity.ShaderGraph.Utilities.csproj", "{0298252F-C1BE-5388-435E-12E6A188286F}"
EndProject
Project("{FAE04EC0-301F-11D3-BF4B-00C04F79EFBC}") = "UnityEngine.UI", "UnityEngine.UI.Player.csproj", "{4C9BFC9F-D3C5-8A5D-2F45-D8DD3D21D6BC}"
EndProject
Project("{FAE04EC0-301F-11D3-BF4B-00C04F79EFBC}") = "Unity.RenderPipelines.Core.Runtime", "Unity.RenderPipelines.Core.Runtime.Player.csproj", "{BE26A48D-AF78-CA8B-4FDD-8A27AA3AA11A}"
EndProject
Project("{FAE04EC0-301F-11D3-BF4B-00C04F79EFBC}") = "UnityEngine.TestRunner", "UnityEngine.TestRunner.Player.csproj", "{F12F1C65-3D25-A082-544F-C9F1400F540C}"
EndProject
Project("{FAE04EC0-301F-11D3-BF4B-00C04F79EFBC}") = "Unity.Mathematics", "Unity.Mathematics.Player.csproj", "{AD84DD3C-83FD-3200-8A50-09E5F7C2D6FD}"
EndProject
Project("{FAE04EC0-301F-11D3-BF4B-00C04F79EFBC}") = "Unity.RenderPipelines.Universal.Runtime", "Unity.RenderPipelines.Universal.Runtime.Player.csproj", "{9589F8F1-EB52-ABF7-7EC1-BC282C5031FA}"
EndProject
Project("{FAE04EC0-301F-11D3-BF4B-00C04F79EFBC}") = "Unity.Postprocessing.Runtime", "Unity.Postprocessing.Runtime.Player.csproj", "{CCFE8869-B00D-53CE-B59A-01A78AA3C94B}"
EndProject
Project("{FAE04EC0-301F-11D3-BF4B-00C04F79EFBC}") = "Unity.TextMeshPro", "Unity.TextMeshPro.Player.csproj", "{FFE249C6-FE15-D4CE-4B7A-97B69580D129}"
EndProject
Project("{FAE04EC0-301F-11D3-BF4B-00C04F79EFBC}") = "Unity.Timeline", "Unity.Timeline.Player.csproj", "{CFE39CB9-B874-7176-2212-CFAEFB3CD57C}"
EndProject
Project("{FAE04EC0-301F-11D3-BF4B-00C04F79EFBC}") = "Unity.ScriptableBuildPipeline", "Unity.ScriptableBuildPipeline.Player.csproj", "{31C345FE-1F31-90C2-582C-57C212528ABB}"
EndProject
Project("{FAE04EC0-301F-11D3-BF4B-00C04F79EFBC}") = "Unity.RenderPipelines.Core.ShaderLibrary", "Unity.RenderPipelines.Core.ShaderLibrary.Player.csproj", "{DC6D7513-D38F-229B-ABAE-DE5B3C34A6C0}"
EndProject
Project("{FAE04EC0-301F-11D3-BF4B-00C04F79EFBC}") = "Unity.RenderPipeline.Universal.ShaderLibrary", "Unity.RenderPipeline.Universal.ShaderLibrary.Player.csproj", "{5F4815FB-FE0A-B8CA-9E0E-D5A47B243416}"
EndProject
Project("{FAE04EC0-301F-11D3-BF4B-00C04F79EFBC}") = "Assembly-CSharp", "Assembly-CSharp.Player.csproj", "{B587D8FD-1423-EE7D-FFF4-A7D8E5DBE6ED}"
EndProject
Project("{FAE04EC0-301F-11D3-BF4B-00C04F79EFBC}") = "Unity.RenderPipelines.Universal.Shaders", "Unity.RenderPipelines.Universal.Shaders.Player.csproj", "{01750D64-D341-F9B7-43BF-5F2F9C173445}"
EndProject
Project("{FAE04EC0-301F-11D3-BF4B-00C04F79EFBC}") = "Unity.RenderPipelines.ShaderGraph.ShaderGraphLibrary", "Unity.RenderPipelines.ShaderGraph.ShaderGraphLibrary.Player.csproj", "{7F5D0C46-DC1F-C5B0-2602-420A263DFF6E}"
EndProject
Global
	GlobalSection(SolutionConfigurationPlatforms) = preSolution
		Debug|Any CPU = Debug|Any CPU
		Release|Any CPU = Release|Any CPU
	EndGlobalSection
	GlobalSection(ProjectConfigurationPlatforms) = postSolution
		{7FD5E51E-24F0-B680-3A8A-50AB92DDDA70}.Debug|Any CPU.ActiveCfg = Debug|Any CPU
		{7FD5E51E-24F0-B680-3A8A-50AB92DDDA70}.Debug|Any CPU.Build.0 = Debug|Any CPU
		{7FD5E51E-24F0-B680-3A8A-50AB92DDDA70}.Release|Any CPU.ActiveCfg = Release|Any CPU
		{7FD5E51E-24F0-B680-3A8A-50AB92DDDA70}.Release|Any CPU.Build.0 = Release|Any CPU
		{80B8C05E-2764-684B-B917-F99E2B879B97}.Debug|Any CPU.ActiveCfg = Debug|Any CPU
		{80B8C05E-2764-684B-B917-F99E2B879B97}.Debug|Any CPU.Build.0 = Debug|Any CPU
		{80B8C05E-2764-684B-B917-F99E2B879B97}.Release|Any CPU.ActiveCfg = Release|Any CPU
		{80B8C05E-2764-684B-B917-F99E2B879B97}.Release|Any CPU.Build.0 = Release|Any CPU
		{B438E314-FE72-1500-C5AF-B4D48494354D}.Debug|Any CPU.ActiveCfg = Debug|Any CPU
		{B438E314-FE72-1500-C5AF-B4D48494354D}.Debug|Any CPU.Build.0 = Debug|Any CPU
		{B438E314-FE72-1500-C5AF-B4D48494354D}.Release|Any CPU.ActiveCfg = Release|Any CPU
		{B438E314-FE72-1500-C5AF-B4D48494354D}.Release|Any CPU.Build.0 = Release|Any CPU
		{DF427406-45A8-AC27-AAE1-FF7A727A5B4B}.Debug|Any CPU.ActiveCfg = Debug|Any CPU
		{DF427406-45A8-AC27-AAE1-FF7A727A5B4B}.Debug|Any CPU.Build.0 = Debug|Any CPU
		{DF427406-45A8-AC27-AAE1-FF7A727A5B4B}.Release|Any CPU.ActiveCfg = Release|Any CPU
		{DF427406-45A8-AC27-AAE1-FF7A727A5B4B}.Release|Any CPU.Build.0 = Release|Any CPU
		{84DC36B1-A67B-1669-C866-631EBC1C7A59}.Debug|Any CPU.ActiveCfg = Debug|Any CPU
		{84DC36B1-A67B-1669-C866-631EBC1C7A59}.Debug|Any CPU.Build.0 = Debug|Any CPU
		{84DC36B1-A67B-1669-C866-631EBC1C7A59}.Release|Any CPU.ActiveCfg = Release|Any CPU
		{84DC36B1-A67B-1669-C866-631EBC1C7A59}.Release|Any CPU.Build.0 = Release|Any CPU
		{A8CDB079-D864-0D3C-AD2B-4CCEFA079A0C}.Debug|Any CPU.ActiveCfg = Debug|Any CPU
		{A8CDB079-D864-0D3C-AD2B-4CCEFA079A0C}.Debug|Any CPU.Build.0 = Debug|Any CPU
		{A8CDB079-D864-0D3C-AD2B-4CCEFA079A0C}.Release|Any CPU.ActiveCfg = Release|Any CPU
		{A8CDB079-D864-0D3C-AD2B-4CCEFA079A0C}.Release|Any CPU.Build.0 = Release|Any CPU
		{905FADF2-9093-3FFA-9B19-B139ADF18F6F}.Debug|Any CPU.ActiveCfg = Debug|Any CPU
		{905FADF2-9093-3FFA-9B19-B139ADF18F6F}.Debug|Any CPU.Build.0 = Debug|Any CPU
		{905FADF2-9093-3FFA-9B19-B139ADF18F6F}.Release|Any CPU.ActiveCfg = Release|Any CPU
		{905FADF2-9093-3FFA-9B19-B139ADF18F6F}.Release|Any CPU.Build.0 = Release|Any CPU
		{DF020B20-96F4-8C76-0DE5-7CC067E3E974}.Debug|Any CPU.ActiveCfg = Debug|Any CPU
		{DF020B20-96F4-8C76-0DE5-7CC067E3E974}.Debug|Any CPU.Build.0 = Debug|Any CPU
		{DF020B20-96F4-8C76-0DE5-7CC067E3E974}.Release|Any CPU.ActiveCfg = Release|Any CPU
		{DF020B20-96F4-8C76-0DE5-7CC067E3E974}.Release|Any CPU.Build.0 = Release|Any CPU
		{1F697D03-1029-0974-2690-5733054E4FFA}.Debug|Any CPU.ActiveCfg = Debug|Any CPU
		{1F697D03-1029-0974-2690-5733054E4FFA}.Debug|Any CPU.Build.0 = Debug|Any CPU
		{1F697D03-1029-0974-2690-5733054E4FFA}.Release|Any CPU.ActiveCfg = Release|Any CPU
		{1F697D03-1029-0974-2690-5733054E4FFA}.Release|Any CPU.Build.0 = Release|Any CPU
		{312A164B-C1BA-8401-C721-7F0A66272B37}.Debug|Any CPU.ActiveCfg = Debug|Any CPU
		{312A164B-C1BA-8401-C721-7F0A66272B37}.Debug|Any CPU.Build.0 = Debug|Any CPU
		{312A164B-C1BA-8401-C721-7F0A66272B37}.Release|Any CPU.ActiveCfg = Release|Any CPU
		{312A164B-C1BA-8401-C721-7F0A66272B37}.Release|Any CPU.Build.0 = Release|Any CPU
		{6EE20B80-3475-5C0C-1746-1B0EEA936C69}.Debug|Any CPU.ActiveCfg = Debug|Any CPU
		{6EE20B80-3475-5C0C-1746-1B0EEA936C69}.Debug|Any CPU.Build.0 = Debug|Any CPU
		{6EE20B80-3475-5C0C-1746-1B0EEA936C69}.Release|Any CPU.ActiveCfg = Release|Any CPU
		{6EE20B80-3475-5C0C-1746-1B0EEA936C69}.Release|Any CPU.Build.0 = Release|Any CPU
		{106031E2-6036-15A2-5E3D-B87527952972}.Debug|Any CPU.ActiveCfg = Debug|Any CPU
		{106031E2-6036-15A2-5E3D-B87527952972}.Debug|Any CPU.Build.0 = Debug|Any CPU
		{106031E2-6036-15A2-5E3D-B87527952972}.Release|Any CPU.ActiveCfg = Release|Any CPU
		{106031E2-6036-15A2-5E3D-B87527952972}.Release|Any CPU.Build.0 = Release|Any CPU
		{177CE047-DD9C-8C1F-12AD-E29F4A88A3F9}.Debug|Any CPU.ActiveCfg = Debug|Any CPU
		{177CE047-DD9C-8C1F-12AD-E29F4A88A3F9}.Debug|Any CPU.Build.0 = Debug|Any CPU
		{177CE047-DD9C-8C1F-12AD-E29F4A88A3F9}.Release|Any CPU.ActiveCfg = Release|Any CPU
		{177CE047-DD9C-8C1F-12AD-E29F4A88A3F9}.Release|Any CPU.Build.0 = Release|Any CPU
		{85179D78-1987-BC23-9F29-1D07530FDEBC}.Debug|Any CPU.ActiveCfg = Debug|Any CPU
		{85179D78-1987-BC23-9F29-1D07530FDEBC}.Debug|Any CPU.Build.0 = Debug|Any CPU
		{85179D78-1987-BC23-9F29-1D07530FDEBC}.Release|Any CPU.ActiveCfg = Release|Any CPU
		{85179D78-1987-BC23-9F29-1D07530FDEBC}.Release|Any CPU.Build.0 = Release|Any CPU
		{0FD80C8A-77FD-CA5C-7D63-53BF0CFFCE1A}.Debug|Any CPU.ActiveCfg = Debug|Any CPU
		{0FD80C8A-77FD-CA5C-7D63-53BF0CFFCE1A}.Debug|Any CPU.Build.0 = Debug|Any CPU
		{0FD80C8A-77FD-CA5C-7D63-53BF0CFFCE1A}.Release|Any CPU.ActiveCfg = Release|Any CPU
		{0FD80C8A-77FD-CA5C-7D63-53BF0CFFCE1A}.Release|Any CPU.Build.0 = Release|Any CPU
		{36539229-62D8-FFE3-3549-65A7A949FB11}.Debug|Any CPU.ActiveCfg = Debug|Any CPU
		{36539229-62D8-FFE3-3549-65A7A949FB11}.Debug|Any CPU.Build.0 = Debug|Any CPU
		{36539229-62D8-FFE3-3549-65A7A949FB11}.Release|Any CPU.ActiveCfg = Release|Any CPU
		{36539229-62D8-FFE3-3549-65A7A949FB11}.Release|Any CPU.Build.0 = Release|Any CPU
		{C1183463-ABB5-0544-5F00-660E6165ED93}.Debug|Any CPU.ActiveCfg = Debug|Any CPU
		{C1183463-ABB5-0544-5F00-660E6165ED93}.Debug|Any CPU.Build.0 = Debug|Any CPU
		{C1183463-ABB5-0544-5F00-660E6165ED93}.Release|Any CPU.ActiveCfg = Release|Any CPU
		{C1183463-ABB5-0544-5F00-660E6165ED93}.Release|Any CPU.Build.0 = Release|Any CPU
		{BEBA174F-7BD3-C305-9985-6A24487DEB2D}.Debug|Any CPU.ActiveCfg = Debug|Any CPU
		{BEBA174F-7BD3-C305-9985-6A24487DEB2D}.Debug|Any CPU.Build.0 = Debug|Any CPU
		{BEBA174F-7BD3-C305-9985-6A24487DEB2D}.Release|Any CPU.ActiveCfg = Release|Any CPU
		{BEBA174F-7BD3-C305-9985-6A24487DEB2D}.Release|Any CPU.Build.0 = Release|Any CPU
		{28DD1C03-4192-676A-8B9F-5AE52AB749A0}.Debug|Any CPU.ActiveCfg = Debug|Any CPU
		{28DD1C03-4192-676A-8B9F-5AE52AB749A0}.Debug|Any CPU.Build.0 = Debug|Any CPU
		{28DD1C03-4192-676A-8B9F-5AE52AB749A0}.Release|Any CPU.ActiveCfg = Release|Any CPU
		{28DD1C03-4192-676A-8B9F-5AE52AB749A0}.Release|Any CPU.Build.0 = Release|Any CPU
		{A6DD4D9F-1BE2-5C75-7199-A50546081747}.Debug|Any CPU.ActiveCfg = Debug|Any CPU
		{A6DD4D9F-1BE2-5C75-7199-A50546081747}.Debug|Any CPU.Build.0 = Debug|Any CPU
		{A6DD4D9F-1BE2-5C75-7199-A50546081747}.Release|Any CPU.ActiveCfg = Release|Any CPU
		{A6DD4D9F-1BE2-5C75-7199-A50546081747}.Release|Any CPU.Build.0 = Release|Any CPU
		{4BFF7EA0-72F7-06D1-D59F-2DBC9094FD5D}.Debug|Any CPU.ActiveCfg = Debug|Any CPU
		{4BFF7EA0-72F7-06D1-D59F-2DBC9094FD5D}.Debug|Any CPU.Build.0 = Debug|Any CPU
		{4BFF7EA0-72F7-06D1-D59F-2DBC9094FD5D}.Release|Any CPU.ActiveCfg = Release|Any CPU
		{4BFF7EA0-72F7-06D1-D59F-2DBC9094FD5D}.Release|Any CPU.Build.0 = Release|Any CPU
		{E8621CDF-0127-0F95-0745-234B0F09C456}.Debug|Any CPU.ActiveCfg = Debug|Any CPU
		{E8621CDF-0127-0F95-0745-234B0F09C456}.Debug|Any CPU.Build.0 = Debug|Any CPU
		{E8621CDF-0127-0F95-0745-234B0F09C456}.Release|Any CPU.ActiveCfg = Release|Any CPU
		{E8621CDF-0127-0F95-0745-234B0F09C456}.Release|Any CPU.Build.0 = Release|Any CPU
		{02A5076E-1339-987E-BA2F-7B9D3B4473B8}.Debug|Any CPU.ActiveCfg = Debug|Any CPU
		{02A5076E-1339-987E-BA2F-7B9D3B4473B8}.Debug|Any CPU.Build.0 = Debug|Any CPU
		{02A5076E-1339-987E-BA2F-7B9D3B4473B8}.Release|Any CPU.ActiveCfg = Release|Any CPU
		{02A5076E-1339-987E-BA2F-7B9D3B4473B8}.Release|Any CPU.Build.0 = Release|Any CPU
		{A958B6D6-6DA3-ACAA-519E-45ACAFFF2192}.Debug|Any CPU.ActiveCfg = Debug|Any CPU
		{A958B6D6-6DA3-ACAA-519E-45ACAFFF2192}.Debug|Any CPU.Build.0 = Debug|Any CPU
		{A958B6D6-6DA3-ACAA-519E-45ACAFFF2192}.Release|Any CPU.ActiveCfg = Release|Any CPU
		{A958B6D6-6DA3-ACAA-519E-45ACAFFF2192}.Release|Any CPU.Build.0 = Release|Any CPU
		{96F3A7E1-918E-28AC-6F98-A4A4FF2CFB4E}.Debug|Any CPU.ActiveCfg = Debug|Any CPU
		{96F3A7E1-918E-28AC-6F98-A4A4FF2CFB4E}.Debug|Any CPU.Build.0 = Debug|Any CPU
		{96F3A7E1-918E-28AC-6F98-A4A4FF2CFB4E}.Release|Any CPU.ActiveCfg = Release|Any CPU
		{96F3A7E1-918E-28AC-6F98-A4A4FF2CFB4E}.Release|Any CPU.Build.0 = Release|Any CPU
		{38B006A3-118F-FCFF-C125-940FC024A9A3}.Debug|Any CPU.ActiveCfg = Debug|Any CPU
		{38B006A3-118F-FCFF-C125-940FC024A9A3}.Debug|Any CPU.Build.0 = Debug|Any CPU
		{38B006A3-118F-FCFF-C125-940FC024A9A3}.Release|Any CPU.ActiveCfg = Release|Any CPU
		{38B006A3-118F-FCFF-C125-940FC024A9A3}.Release|Any CPU.Build.0 = Release|Any CPU
		{21DAC390-0B20-F468-A02E-DA9647EF54EF}.Debug|Any CPU.ActiveCfg = Debug|Any CPU
		{21DAC390-0B20-F468-A02E-DA9647EF54EF}.Debug|Any CPU.Build.0 = Debug|Any CPU
		{21DAC390-0B20-F468-A02E-DA9647EF54EF}.Release|Any CPU.ActiveCfg = Release|Any CPU
		{21DAC390-0B20-F468-A02E-DA9647EF54EF}.Release|Any CPU.Build.0 = Release|Any CPU
		{803EA7E3-E92D-1770-4CE4-2B08EC440DD0}.Debug|Any CPU.ActiveCfg = Debug|Any CPU
		{803EA7E3-E92D-1770-4CE4-2B08EC440DD0}.Debug|Any CPU.Build.0 = Debug|Any CPU
		{803EA7E3-E92D-1770-4CE4-2B08EC440DD0}.Release|Any CPU.ActiveCfg = Release|Any CPU
		{803EA7E3-E92D-1770-4CE4-2B08EC440DD0}.Release|Any CPU.Build.0 = Release|Any CPU
		{07E5008A-5B94-51F2-DC5B-8D3E50BF8056}.Debug|Any CPU.ActiveCfg = Debug|Any CPU
		{07E5008A-5B94-51F2-DC5B-8D3E50BF8056}.Debug|Any CPU.Build.0 = Debug|Any CPU
		{07E5008A-5B94-51F2-DC5B-8D3E50BF8056}.Release|Any CPU.ActiveCfg = Release|Any CPU
		{07E5008A-5B94-51F2-DC5B-8D3E50BF8056}.Release|Any CPU.Build.0 = Release|Any CPU
		{7203A869-89ED-EBC2-BF42-AD0FCA56FC63}.Debug|Any CPU.ActiveCfg = Debug|Any CPU
		{7203A869-89ED-EBC2-BF42-AD0FCA56FC63}.Debug|Any CPU.Build.0 = Debug|Any CPU
		{7203A869-89ED-EBC2-BF42-AD0FCA56FC63}.Release|Any CPU.ActiveCfg = Release|Any CPU
		{7203A869-89ED-EBC2-BF42-AD0FCA56FC63}.Release|Any CPU.Build.0 = Release|Any CPU
		{539CDF6F-FBA0-9EB9-74B7-4CB05C570344}.Debug|Any CPU.ActiveCfg = Debug|Any CPU
		{539CDF6F-FBA0-9EB9-74B7-4CB05C570344}.Debug|Any CPU.Build.0 = Debug|Any CPU
		{539CDF6F-FBA0-9EB9-74B7-4CB05C570344}.Release|Any CPU.ActiveCfg = Release|Any CPU
		{539CDF6F-FBA0-9EB9-74B7-4CB05C570344}.Release|Any CPU.Build.0 = Release|Any CPU
		{9A95D88F-36D3-BEF6-A1D1-590C10D24F7B}.Debug|Any CPU.ActiveCfg = Debug|Any CPU
		{9A95D88F-36D3-BEF6-A1D1-590C10D24F7B}.Debug|Any CPU.Build.0 = Debug|Any CPU
		{9A95D88F-36D3-BEF6-A1D1-590C10D24F7B}.Release|Any CPU.ActiveCfg = Release|Any CPU
		{9A95D88F-36D3-BEF6-A1D1-590C10D24F7B}.Release|Any CPU.Build.0 = Release|Any CPU
		{0298252F-C1BE-5388-435E-12E6A188286F}.Debug|Any CPU.ActiveCfg = Debug|Any CPU
		{0298252F-C1BE-5388-435E-12E6A188286F}.Debug|Any CPU.Build.0 = Debug|Any CPU
		{0298252F-C1BE-5388-435E-12E6A188286F}.Release|Any CPU.ActiveCfg = Release|Any CPU
		{0298252F-C1BE-5388-435E-12E6A188286F}.Release|Any CPU.Build.0 = Release|Any CPU
		{4C9BFC9F-D3C5-8A5D-2F45-D8DD3D21D6BC}.Debug|Any CPU.ActiveCfg = Debug|Any CPU
		{4C9BFC9F-D3C5-8A5D-2F45-D8DD3D21D6BC}.Debug|Any CPU.Build.0 = Debug|Any CPU
		{4C9BFC9F-D3C5-8A5D-2F45-D8DD3D21D6BC}.Release|Any CPU.ActiveCfg = Release|Any CPU
		{4C9BFC9F-D3C5-8A5D-2F45-D8DD3D21D6BC}.Release|Any CPU.Build.0 = Release|Any CPU
		{BE26A48D-AF78-CA8B-4FDD-8A27AA3AA11A}.Debug|Any CPU.ActiveCfg = Debug|Any CPU
		{BE26A48D-AF78-CA8B-4FDD-8A27AA3AA11A}.Debug|Any CPU.Build.0 = Debug|Any CPU
		{BE26A48D-AF78-CA8B-4FDD-8A27AA3AA11A}.Release|Any CPU.ActiveCfg = Release|Any CPU
		{BE26A48D-AF78-CA8B-4FDD-8A27AA3AA11A}.Release|Any CPU.Build.0 = Release|Any CPU
		{F12F1C65-3D25-A082-544F-C9F1400F540C}.Debug|Any CPU.ActiveCfg = Debug|Any CPU
		{F12F1C65-3D25-A082-544F-C9F1400F540C}.Debug|Any CPU.Build.0 = Debug|Any CPU
		{F12F1C65-3D25-A082-544F-C9F1400F540C}.Release|Any CPU.ActiveCfg = Release|Any CPU
		{F12F1C65-3D25-A082-544F-C9F1400F540C}.Release|Any CPU.Build.0 = Release|Any CPU
		{AD84DD3C-83FD-3200-8A50-09E5F7C2D6FD}.Debug|Any CPU.ActiveCfg = Debug|Any CPU
		{AD84DD3C-83FD-3200-8A50-09E5F7C2D6FD}.Debug|Any CPU.Build.0 = Debug|Any CPU
		{AD84DD3C-83FD-3200-8A50-09E5F7C2D6FD}.Release|Any CPU.ActiveCfg = Release|Any CPU
		{AD84DD3C-83FD-3200-8A50-09E5F7C2D6FD}.Release|Any CPU.Build.0 = Release|Any CPU
		{9589F8F1-EB52-ABF7-7EC1-BC282C5031FA}.Debug|Any CPU.ActiveCfg = Debug|Any CPU
		{9589F8F1-EB52-ABF7-7EC1-BC282C5031FA}.Debug|Any CPU.Build.0 = Debug|Any CPU
		{9589F8F1-EB52-ABF7-7EC1-BC282C5031FA}.Release|Any CPU.ActiveCfg = Release|Any CPU
		{9589F8F1-EB52-ABF7-7EC1-BC282C5031FA}.Release|Any CPU.Build.0 = Release|Any CPU
		{CCFE8869-B00D-53CE-B59A-01A78AA3C94B}.Debug|Any CPU.ActiveCfg = Debug|Any CPU
		{CCFE8869-B00D-53CE-B59A-01A78AA3C94B}.Debug|Any CPU.Build.0 = Debug|Any CPU
		{CCFE8869-B00D-53CE-B59A-01A78AA3C94B}.Release|Any CPU.ActiveCfg = Release|Any CPU
		{CCFE8869-B00D-53CE-B59A-01A78AA3C94B}.Release|Any CPU.Build.0 = Release|Any CPU
		{FFE249C6-FE15-D4CE-4B7A-97B69580D129}.Debug|Any CPU.ActiveCfg = Debug|Any CPU
		{FFE249C6-FE15-D4CE-4B7A-97B69580D129}.Debug|Any CPU.Build.0 = Debug|Any CPU
		{FFE249C6-FE15-D4CE-4B7A-97B69580D129}.Release|Any CPU.ActiveCfg = Release|Any CPU
		{FFE249C6-FE15-D4CE-4B7A-97B69580D129}.Release|Any CPU.Build.0 = Release|Any CPU
		{CFE39CB9-B874-7176-2212-CFAEFB3CD57C}.Debug|Any CPU.ActiveCfg = Debug|Any CPU
		{CFE39CB9-B874-7176-2212-CFAEFB3CD57C}.Debug|Any CPU.Build.0 = Debug|Any CPU
		{CFE39CB9-B874-7176-2212-CFAEFB3CD57C}.Release|Any CPU.ActiveCfg = Release|Any CPU
		{CFE39CB9-B874-7176-2212-CFAEFB3CD57C}.Release|Any CPU.Build.0 = Release|Any CPU
		{31C345FE-1F31-90C2-582C-57C212528ABB}.Debug|Any CPU.ActiveCfg = Debug|Any CPU
		{31C345FE-1F31-90C2-582C-57C212528ABB}.Debug|Any CPU.Build.0 = Debug|Any CPU
		{31C345FE-1F31-90C2-582C-57C212528ABB}.Release|Any CPU.ActiveCfg = Release|Any CPU
		{31C345FE-1F31-90C2-582C-57C212528ABB}.Release|Any CPU.Build.0 = Release|Any CPU
		{DC6D7513-D38F-229B-ABAE-DE5B3C34A6C0}.Debug|Any CPU.ActiveCfg = Debug|Any CPU
		{DC6D7513-D38F-229B-ABAE-DE5B3C34A6C0}.Debug|Any CPU.Build.0 = Debug|Any CPU
		{DC6D7513-D38F-229B-ABAE-DE5B3C34A6C0}.Release|Any CPU.ActiveCfg = Release|Any CPU
		{DC6D7513-D38F-229B-ABAE-DE5B3C34A6C0}.Release|Any CPU.Build.0 = Release|Any CPU
		{5F4815FB-FE0A-B8CA-9E0E-D5A47B243416}.Debug|Any CPU.ActiveCfg = Debug|Any CPU
		{5F4815FB-FE0A-B8CA-9E0E-D5A47B243416}.Debug|Any CPU.Build.0 = Debug|Any CPU
		{5F4815FB-FE0A-B8CA-9E0E-D5A47B243416}.Release|Any CPU.ActiveCfg = Release|Any CPU
		{5F4815FB-FE0A-B8CA-9E0E-D5A47B243416}.Release|Any CPU.Build.0 = Release|Any CPU
		{B587D8FD-1423-EE7D-FFF4-A7D8E5DBE6ED}.Debug|Any CPU.ActiveCfg = Debug|Any CPU
		{B587D8FD-1423-EE7D-FFF4-A7D8E5DBE6ED}.Debug|Any CPU.Build.0 = Debug|Any CPU
		{B587D8FD-1423-EE7D-FFF4-A7D8E5DBE6ED}.Release|Any CPU.ActiveCfg = Release|Any CPU
		{B587D8FD-1423-EE7D-FFF4-A7D8E5DBE6ED}.Release|Any CPU.Build.0 = Release|Any CPU
		{01750D64-D341-F9B7-43BF-5F2F9C173445}.Debug|Any CPU.ActiveCfg = Debug|Any CPU
		{01750D64-D341-F9B7-43BF-5F2F9C173445}.Debug|Any CPU.Build.0 = Debug|Any CPU
		{01750D64-D341-F9B7-43BF-5F2F9C173445}.Release|Any CPU.ActiveCfg = Release|Any CPU
		{01750D64-D341-F9B7-43BF-5F2F9C173445}.Release|Any CPU.Build.0 = Release|Any CPU
		{7F5D0C46-DC1F-C5B0-2602-420A263DFF6E}.Debug|Any CPU.ActiveCfg = Debug|Any CPU
		{7F5D0C46-DC1F-C5B0-2602-420A263DFF6E}.Debug|Any CPU.Build.0 = Debug|Any CPU
		{7F5D0C46-DC1F-C5B0-2602-420A263DFF6E}.Release|Any CPU.ActiveCfg = Release|Any CPU
		{7F5D0C46-DC1F-C5B0-2602-420A263DFF6E}.Release|Any CPU.Build.0 = Release|Any CPU
	EndGlobalSection
	GlobalSection(SolutionProperties) = preSolution
		HideSolutionNode = FALSE
	EndGlobalSection
EndGlobal
