
Microsoft Visual Studio Solution File, Format Version 12.00
# Visual Studio 15
Project("{FAE04EC0-301F-11D3-BF4B-00C04F79EFBC}") = "UnityEngine.TestRunner", "UnityEngine.TestRunner.csproj", "{53A81485-B198-70D0-21B8-62B15E58E353}"
EndProject
Project("{FAE04EC0-301F-11D3-BF4B-00C04F79EFBC}") = "Assembly-CSharp", "Assembly-CSharp.csproj", "{7B6F570F-BAC5-7060-5135-F4865B311EB2}"
EndProject
Project("{FAE04EC0-301F-11D3-BF4B-00C04F79EFBC}") = "Unity.Timeline", "Unity.Timeline.csproj", "{5321301C-6154-B6A0-D8C3-AC8065CCCCD0}"
EndProject
Project("{FAE04EC0-301F-11D3-BF4B-00C04F79EFBC}") = "UnityEngine.UI", "UnityEngine.UI.csproj", "{F0F9B53B-98B1-F59A-0DFA-3B003080DAE5}"
EndProject
Project("{FAE04EC0-301F-11D3-BF4B-00C04F79EFBC}") = "Unity.TextMeshPro", "Unity.TextMeshPro.csproj", "{4F929BC3-A808-277E-9204-24FB211510CE}"
EndProject
Project("{FAE04EC0-301F-11D3-BF4B-00C04F79EFBC}") = "UnityEditor.TestRunner", "UnityEditor.TestRunner.csproj", "{FCDF9D96-EB7B-F4AB-7EE0-084E674C3BD1}"
EndProject
Project("{FAE04EC0-301F-11D3-BF4B-00C04F79EFBC}") = "Unity.PlasticSCM.Editor", "Unity.PlasticSCM.Editor.csproj", "{907FD5E0-5EC6-BFE9-FF08-5C0888D6B121}"
EndProject
Project("{FAE04EC0-301F-11D3-BF4B-00C04F79EFBC}") = "UnityEditor.UI", "UnityEditor.UI.csproj", "{A64352E6-480A-C5BE-7E5B-8AD54B673C59}"
EndProject
Project("{FAE04EC0-301F-11D3-BF4B-00C04F79EFBC}") = "Unity.Services.Core.Editor", "Unity.Services.Core.Editor.csproj", "{25E4DB8B-D324-5A9D-E9A0-50E004E69D46}"
EndProject
Project("{FAE04EC0-301F-11D3-BF4B-00C04F79EFBC}") = "Unity.Timeline.Editor", "Unity.Timeline.Editor.csproj", "{2B4CF0BB-DF4B-C326-6672-1FE5159383A0}"
EndProject
Project("{FAE04EC0-301F-11D3-BF4B-00C04F79EFBC}") = "Unity.VisualStudio.Editor", "Unity.VisualStudio.Editor.csproj", "{8FA6CF08-47E5-CA6F-3343-E2E519A77D7D}"
EndProject
Project("{FAE04EC0-301F-11D3-BF4B-00C04F79EFBC}") = "Unity.TextMeshPro.Editor", "Unity.TextMeshPro.Editor.csproj", "{ADA7D992-6B9F-D5A1-78DE-D4E6385873C4}"
EndProject
Project("{FAE04EC0-301F-11D3-BF4B-00C04F79EFBC}") = "Unity.CollabProxy.Editor", "Unity.CollabProxy.Editor.csproj", "{B703698B-30F5-E5DB-2618-C36511CB63DA}"
EndProject
Project("{FAE04EC0-301F-11D3-BF4B-00C04F79EFBC}") = "Unity.Rider.Editor", "Unity.Rider.Editor.csproj", "{5FFCCB94-D689-0C57-3859-67E8AF84266B}"
EndProject
Project("{FAE04EC0-301F-11D3-BF4B-00C04F79EFBC}") = "Unity.VSCode.Editor", "Unity.VSCode.Editor.csproj", "{80F49B52-4BDA-DFB5-6EC8-2CC8FC405ED7}"
EndProject
Project("{FAE04EC0-301F-11D3-BF4B-00C04F79EFBC}") = "Assembly-CSharp-Editor", "Assembly-CSharp-Editor.csproj", "{8D45E79D-C0BF-5C1F-5E4E-D73BD2BEB880}"
EndProject
Project("{FAE04EC0-301F-11D3-BF4B-00C04F79EFBC}") = "UnityEngine.TestRunner", "UnityEngine.TestRunner.Player.csproj", "{918E9CD8-B8E8-3295-8F03-D7F2AB93D608}"
EndProject
Project("{FAE04EC0-301F-11D3-BF4B-00C04F79EFBC}") = "Assembly-CSharp", "Assembly-CSharp.Player.csproj", "{EBC6AC63-CCE8-60E1-0057-62027D4F64E4}"
EndProject
Project("{FAE04EC0-301F-11D3-BF4B-00C04F79EFBC}") = "Unity.Timeline", "Unity.Timeline.Player.csproj", "{D45C6FB4-B98D-733B-00AE-E2913AC93995}"
EndProject
Project("{FAE04EC0-301F-11D3-BF4B-00C04F79EFBC}") = "UnityEngine.UI", "UnityEngine.UI.Player.csproj", "{21145F5F-6D83-DB36-F55D-D8CE7CE41260}"
EndProject
Project("{FAE04EC0-301F-11D3-BF4B-00C04F79EFBC}") = "Unity.TextMeshPro", "Unity.TextMeshPro.Player.csproj", "{7A48EB27-EFAE-6C12-6B57-66EDFAF35E18}"
EndProject
Global
	GlobalSection(SolutionConfigurationPlatforms) = preSolution
		Debug|Any CPU = Debug|Any CPU
		Release|Any CPU = Release|Any CPU
	EndGlobalSection
	GlobalSection(ProjectConfigurationPlatforms) = postSolution
		{53A81485-B198-70D0-21B8-62B15E58E353}.Debug|Any CPU.ActiveCfg = Debug|Any CPU
		{53A81485-B198-70D0-21B8-62B15E58E353}.Debug|Any CPU.Build.0 = Debug|Any CPU
		{53A81485-B198-70D0-21B8-62B15E58E353}.Release|Any CPU.ActiveCfg = Release|Any CPU
		{53A81485-B198-70D0-21B8-62B15E58E353}.Release|Any CPU.Build.0 = Release|Any CPU
		{7B6F570F-BAC5-7060-5135-F4865B311EB2}.Debug|Any CPU.ActiveCfg = Debug|Any CPU
		{7B6F570F-BAC5-7060-5135-F4865B311EB2}.Debug|Any CPU.Build.0 = Debug|Any CPU
		{7B6F570F-BAC5-7060-5135-F4865B311EB2}.Release|Any CPU.ActiveCfg = Release|Any CPU
		{7B6F570F-BAC5-7060-5135-F4865B311EB2}.Release|Any CPU.Build.0 = Release|Any CPU
		{5321301C-6154-B6A0-D8C3-AC8065CCCCD0}.Debug|Any CPU.ActiveCfg = Debug|Any CPU
		{5321301C-6154-B6A0-D8C3-AC8065CCCCD0}.Debug|Any CPU.Build.0 = Debug|Any CPU
		{5321301C-6154-B6A0-D8C3-AC8065CCCCD0}.Release|Any CPU.ActiveCfg = Release|Any CPU
		{5321301C-6154-B6A0-D8C3-AC8065CCCCD0}.Release|Any CPU.Build.0 = Release|Any CPU
		{F0F9B53B-98B1-F59A-0DFA-3B003080DAE5}.Debug|Any CPU.ActiveCfg = Debug|Any CPU
		{F0F9B53B-98B1-F59A-0DFA-3B003080DAE5}.Debug|Any CPU.Build.0 = Debug|Any CPU
		{F0F9B53B-98B1-F59A-0DFA-3B003080DAE5}.Release|Any CPU.ActiveCfg = Release|Any CPU
		{F0F9B53B-98B1-F59A-0DFA-3B003080DAE5}.Release|Any CPU.Build.0 = Release|Any CPU
		{4F929BC3-A808-277E-9204-24FB211510CE}.Debug|Any CPU.ActiveCfg = Debug|Any CPU
		{4F929BC3-A808-277E-9204-24FB211510CE}.Debug|Any CPU.Build.0 = Debug|Any CPU
		{4F929BC3-A808-277E-9204-24FB211510CE}.Release|Any CPU.ActiveCfg = Release|Any CPU
		{4F929BC3-A808-277E-9204-24FB211510CE}.Release|Any CPU.Build.0 = Release|Any CPU
		{FCDF9D96-EB7B-F4AB-7EE0-084E674C3BD1}.Debug|Any CPU.ActiveCfg = Debug|Any CPU
		{FCDF9D96-EB7B-F4AB-7EE0-084E674C3BD1}.Debug|Any CPU.Build.0 = Debug|Any CPU
		{FCDF9D96-EB7B-F4AB-7EE0-084E674C3BD1}.Release|Any CPU.ActiveCfg = Release|Any CPU
		{FCDF9D96-EB7B-F4AB-7EE0-084E674C3BD1}.Release|Any CPU.Build.0 = Release|Any CPU
		{907FD5E0-5EC6-BFE9-FF08-5C0888D6B121}.Debug|Any CPU.ActiveCfg = Debug|Any CPU
		{907FD5E0-5EC6-BFE9-FF08-5C0888D6B121}.Debug|Any CPU.Build.0 = Debug|Any CPU
		{907FD5E0-5EC6-BFE9-FF08-5C0888D6B121}.Release|Any CPU.ActiveCfg = Release|Any CPU
		{907FD5E0-5EC6-BFE9-FF08-5C0888D6B121}.Release|Any CPU.Build.0 = Release|Any CPU
		{A64352E6-480A-C5BE-7E5B-8AD54B673C59}.Debug|Any CPU.ActiveCfg = Debug|Any CPU
		{A64352E6-480A-C5BE-7E5B-8AD54B673C59}.Debug|Any CPU.Build.0 = Debug|Any CPU
		{A64352E6-480A-C5BE-7E5B-8AD54B673C59}.Release|Any CPU.ActiveCfg = Release|Any CPU
		{A64352E6-480A-C5BE-7E5B-8AD54B673C59}.Release|Any CPU.Build.0 = Release|Any CPU
		{25E4DB8B-D324-5A9D-E9A0-50E004E69D46}.Debug|Any CPU.ActiveCfg = Debug|Any CPU
		{25E4DB8B-D324-5A9D-E9A0-50E004E69D46}.Debug|Any CPU.Build.0 = Debug|Any CPU
		{25E4DB8B-D324-5A9D-E9A0-50E004E69D46}.Release|Any CPU.ActiveCfg = Release|Any CPU
		{25E4DB8B-D324-5A9D-E9A0-50E004E69D46}.Release|Any CPU.Build.0 = Release|Any CPU
		{2B4CF0BB-DF4B-C326-6672-1FE5159383A0}.Debug|Any CPU.ActiveCfg = Debug|Any CPU
		{2B4CF0BB-DF4B-C326-6672-1FE5159383A0}.Debug|Any CPU.Build.0 = Debug|Any CPU
		{2B4CF0BB-DF4B-C326-6672-1FE5159383A0}.Release|Any CPU.ActiveCfg = Release|Any CPU
		{2B4CF0BB-DF4B-C326-6672-1FE5159383A0}.Release|Any CPU.Build.0 = Release|Any CPU
		{8FA6CF08-47E5-CA6F-3343-E2E519A77D7D}.Debug|Any CPU.ActiveCfg = Debug|Any CPU
		{8FA6CF08-47E5-CA6F-3343-E2E519A77D7D}.Debug|Any CPU.Build.0 = Debug|Any CPU
		{8FA6CF08-47E5-CA6F-3343-E2E519A77D7D}.Release|Any CPU.ActiveCfg = Release|Any CPU
		{8FA6CF08-47E5-CA6F-3343-E2E519A77D7D}.Release|Any CPU.Build.0 = Release|Any CPU
		{ADA7D992-6B9F-D5A1-78DE-D4E6385873C4}.Debug|Any CPU.ActiveCfg = Debug|Any CPU
		{ADA7D992-6B9F-D5A1-78DE-D4E6385873C4}.Debug|Any CPU.Build.0 = Debug|Any CPU
		{ADA7D992-6B9F-D5A1-78DE-D4E6385873C4}.Release|Any CPU.ActiveCfg = Release|Any CPU
		{ADA7D992-6B9F-D5A1-78DE-D4E6385873C4}.Release|Any CPU.Build.0 = Release|Any CPU
		{B703698B-30F5-E5DB-2618-C36511CB63DA}.Debug|Any CPU.ActiveCfg = Debug|Any CPU
		{B703698B-30F5-E5DB-2618-C36511CB63DA}.Debug|Any CPU.Build.0 = Debug|Any CPU
		{B703698B-30F5-E5DB-2618-C36511CB63DA}.Release|Any CPU.ActiveCfg = Release|Any CPU
		{B703698B-30F5-E5DB-2618-C36511CB63DA}.Release|Any CPU.Build.0 = Release|Any CPU
		{5FFCCB94-D689-0C57-3859-67E8AF84266B}.Debug|Any CPU.ActiveCfg = Debug|Any CPU
		{5FFCCB94-D689-0C57-3859-67E8AF84266B}.Debug|Any CPU.Build.0 = Debug|Any CPU
		{5FFCCB94-D689-0C57-3859-67E8AF84266B}.Release|Any CPU.ActiveCfg = Release|Any CPU
		{5FFCCB94-D689-0C57-3859-67E8AF84266B}.Release|Any CPU.Build.0 = Release|Any CPU
		{80F49B52-4BDA-DFB5-6EC8-2CC8FC405ED7}.Debug|Any CPU.ActiveCfg = Debug|Any CPU
		{80F49B52-4BDA-DFB5-6EC8-2CC8FC405ED7}.Debug|Any CPU.Build.0 = Debug|Any CPU
		{80F49B52-4BDA-DFB5-6EC8-2CC8FC405ED7}.Release|Any CPU.ActiveCfg = Release|Any CPU
		{80F49B52-4BDA-DFB5-6EC8-2CC8FC405ED7}.Release|Any CPU.Build.0 = Release|Any CPU
		{8D45E79D-C0BF-5C1F-5E4E-D73BD2BEB880}.Debug|Any CPU.ActiveCfg = Debug|Any CPU
		{8D45E79D-C0BF-5C1F-5E4E-D73BD2BEB880}.Debug|Any CPU.Build.0 = Debug|Any CPU
		{8D45E79D-C0BF-5C1F-5E4E-D73BD2BEB880}.Release|Any CPU.ActiveCfg = Release|Any CPU
		{8D45E79D-C0BF-5C1F-5E4E-D73BD2BEB880}.Release|Any CPU.Build.0 = Release|Any CPU
		{918E9CD8-B8E8-3295-8F03-D7F2AB93D608}.Debug|Any CPU.ActiveCfg = Debug|Any CPU
		{918E9CD8-B8E8-3295-8F03-D7F2AB93D608}.Debug|Any CPU.Build.0 = Debug|Any CPU
		{918E9CD8-B8E8-3295-8F03-D7F2AB93D608}.Release|Any CPU.ActiveCfg = Release|Any CPU
		{918E9CD8-B8E8-3295-8F03-D7F2AB93D608}.Release|Any CPU.Build.0 = Release|Any CPU
		{EBC6AC63-CCE8-60E1-0057-62027D4F64E4}.Debug|Any CPU.ActiveCfg = Debug|Any CPU
		{EBC6AC63-CCE8-60E1-0057-62027D4F64E4}.Debug|Any CPU.Build.0 = Debug|Any CPU
		{EBC6AC63-CCE8-60E1-0057-62027D4F64E4}.Release|Any CPU.ActiveCfg = Release|Any CPU
		{EBC6AC63-CCE8-60E1-0057-62027D4F64E4}.Release|Any CPU.Build.0 = Release|Any CPU
		{D45C6FB4-B98D-733B-00AE-E2913AC93995}.Debug|Any CPU.ActiveCfg = Debug|Any CPU
		{D45C6FB4-B98D-733B-00AE-E2913AC93995}.Debug|Any CPU.Build.0 = Debug|Any CPU
		{D45C6FB4-B98D-733B-00AE-E2913AC93995}.Release|Any CPU.ActiveCfg = Release|Any CPU
		{D45C6FB4-B98D-733B-00AE-E2913AC93995}.Release|Any CPU.Build.0 = Release|Any CPU
		{21145F5F-6D83-DB36-F55D-D8CE7CE41260}.Debug|Any CPU.ActiveCfg = Debug|Any CPU
		{21145F5F-6D83-DB36-F55D-D8CE7CE41260}.Debug|Any CPU.Build.0 = Debug|Any CPU
		{21145F5F-6D83-DB36-F55D-D8CE7CE41260}.Release|Any CPU.ActiveCfg = Release|Any CPU
		{21145F5F-6D83-DB36-F55D-D8CE7CE41260}.Release|Any CPU.Build.0 = Release|Any CPU
		{7A48EB27-EFAE-6C12-6B57-66EDFAF35E18}.Debug|Any CPU.ActiveCfg = Debug|Any CPU
		{7A48EB27-EFAE-6C12-6B57-66EDFAF35E18}.Debug|Any CPU.Build.0 = Debug|Any CPU
		{7A48EB27-EFAE-6C12-6B57-66EDFAF35E18}.Release|Any CPU.ActiveCfg = Release|Any CPU
		{7A48EB27-EFAE-6C12-6B57-66EDFAF35E18}.Release|Any CPU.Build.0 = Release|Any CPU
	EndGlobalSection
	GlobalSection(SolutionProperties) = preSolution
		HideSolutionNode = FALSE
	EndGlobalSection
EndGlobal
