
Microsoft Visual Studio Solution File, Format Version 11.00
# Visual Studio 2010
Project("{FAE04EC0-301F-11D3-BF4B-00C04F79EFBC}") = "Assembly-CSharp", "Assembly-CSharp.csproj", "{0f576f7b-c5ba-6070-5135-f4865b311eb2}"
EndProject
Project("{FAE04EC0-301F-11D3-BF4B-00C04F79EFBC}") = "Assembly-CSharp-Editor", "Assembly-CSharp-Editor.csproj", "{9de7458d-bfc0-1f5c-5e4e-d73bd2beb880}"
EndProject
Global
	GlobalSection(SolutionConfigurationPlatforms) = preSolution
		Debug|Any CPU = Debug|Any CPU
	EndGlobalSection
	GlobalSection(ProjectConfigurationPlatforms) = postSolution
		{0f576f7b-c5ba-6070-5135-f4865b311eb2}.Debug|Any CPU.ActiveCfg = Debug|Any CPU
		{0f576f7b-c5ba-6070-5135-f4865b311eb2}.Debug|Any CPU.Build.0 = Debug|Any CPU
		{9de7458d-bfc0-1f5c-5e4e-d73bd2beb880}.Debug|Any CPU.ActiveCfg = Debug|Any CPU
		{9de7458d-bfc0-1f5c-5e4e-d73bd2beb880}.Debug|Any CPU.Build.0 = Debug|Any CPU
	EndGlobalSection
	GlobalSection(SolutionProperties) = preSolution
		HideSolutionNode = FALSE
	EndGlobalSection
EndGlobal
